
Microsoft Visual Studio Solution File, Format Version 12.00
# Visual Studio Version 16
VisualStudioVersion = 16.0.29102.190
MinimumVisualStudioVersion = 10.0.40219.1
Project("{888888A0-9F3D-457C-B088-3A5042F75D52}") = "mapapi", "mapapi\mapapi.pyproj", "{C6F04224-FF38-447D-A662-1BD73A4315F8}"
EndProject
Global
	GlobalSection(SolutionConfigurationPlatforms) = preSolution
		Debug|Any CPU = Debug|Any CPU
		Release|Any CPU = Release|Any CPU
	EndGlobalSection
	GlobalSection(ProjectConfigurationPlatforms) = postSolution
		{C6F04224-FF38-447D-A662-1BD73A4315F8}.Debug|Any CPU.ActiveCfg = Debug|Any CPU
		{C6F04224-FF38-447D-A662-1BD73A4315F8}.Release|Any CPU.ActiveCfg = Release|Any CPU
	EndGlobalSection
	GlobalSection(SolutionProperties) = preSolution
		HideSolutionNode = FALSE
	EndGlobalSection
	GlobalSection(ExtensibilityGlobals) = postSolution
		SolutionGuid = {D8B39079-8AB3-4E72-A3FA-8BA77F2B74DD}
	EndGlobalSection
EndGlobal
